
Microsoft Visual Studio Solution File, Format Version 12.00
# Visual Studio 15
VisualStudioVersion = 15.0.27130.2010
MinimumVisualStudioVersion = 10.0.40219.1
Project("{FAE04EC0-301F-11D3-BF4B-00C04F79EFBC}") = "WindowsFormsApp1", "WindowsFormsApp1\WindowsFormsApp1.csproj", "{CCFD58C2-B03F-4E9E-B535-15E8A6951772}"
EndProject
Global
	GlobalSection(SolutionConfigurationPlatforms) = preSolution
		Debug|Any CPU = Debug|Any CPU
		Release|Any CPU = Release|Any CPU
	EndGlobalSection
	GlobalSection(ProjectConfigurationPlatforms) = postSolution
		{CCFD58C2-B03F-4E9E-B535-15E8A6951772}.Debug|Any CPU.ActiveCfg = Debug|Any CPU
		{CCFD58C2-B03F-4E9E-B535-15E8A6951772}.Debug|Any CPU.Build.0 = Debug|Any CPU
		{CCFD58C2-B03F-4E9E-B535-15E8A6951772}.Release|Any CPU.ActiveCfg = Release|Any CPU
		{CCFD58C2-B03F-4E9E-B535-15E8A6951772}.Release|Any CPU.Build.0 = Release|Any CPU
	EndGlobalSection
	GlobalSection(SolutionProperties) = preSolution
		HideSolutionNode = FALSE
	EndGlobalSection
	GlobalSection(ExtensibilityGlobals) = postSolution
		SolutionGuid = {119B0359-3C21-4B37-A0E9-2BCAF6D97534}
	EndGlobalSection
EndGlobal
